
Microsoft Visual Studio Solution File, Format Version 12.00
# Visual Studio Version 16
VisualStudioVersion = 16.0.29613.14
MinimumVisualStudioVersion = 10.0.40219.1
Project("{FAE04EC0-301F-11D3-BF4B-00C04F79EFBC}") = "AwaitTask", "AwaitTask\AwaitTask.csproj", "{D239E199-5C70-4A3D-8750-3BB35C3C1039}"
EndProject
Project("{FAE04EC0-301F-11D3-BF4B-00C04F79EFBC}") = "LambdaAwait", "LambdaAwait\LambdaAwait.csproj", "{1CBAE2A9-0E7F-4E5B-ABF6-CCCB06210D28}"
EndProject
Project("{FAE04EC0-301F-11D3-BF4B-00C04F79EFBC}") = "MultiAwait", "MultiAwait\MultiAwait.csproj", "{E2DBABF6-A189-4CDA-92DC-E0519F4CF678}"
EndProject
Project("{FAE04EC0-301F-11D3-BF4B-00C04F79EFBC}") = "AggregateExceptions", "AggregateExceptions\AggregateExceptions.csproj", "{E615A698-C03D-4684-867B-A05BDCB92F4B}"
EndProject
Project("{FAE04EC0-301F-11D3-BF4B-00C04F79EFBC}") = "AsyncVoid", "AsyncVoid\AsyncVoid.csproj", "{B903360A-2215-4FF2-9871-4F243E3DF5D9}"
EndProject
Project("{FAE04EC0-301F-11D3-BF4B-00C04F79EFBC}") = "Awaitable", "Awaitable\Awaitable.csproj", "{9C07F281-ABAB-4F8A-85DE-16863CD37163}"
EndProject
Global
	GlobalSection(SolutionConfigurationPlatforms) = preSolution
		Debug|Any CPU = Debug|Any CPU
		Release|Any CPU = Release|Any CPU
	EndGlobalSection
	GlobalSection(ProjectConfigurationPlatforms) = postSolution
		{D239E199-5C70-4A3D-8750-3BB35C3C1039}.Debug|Any CPU.ActiveCfg = Debug|Any CPU
		{D239E199-5C70-4A3D-8750-3BB35C3C1039}.Debug|Any CPU.Build.0 = Debug|Any CPU
		{D239E199-5C70-4A3D-8750-3BB35C3C1039}.Release|Any CPU.ActiveCfg = Release|Any CPU
		{D239E199-5C70-4A3D-8750-3BB35C3C1039}.Release|Any CPU.Build.0 = Release|Any CPU
		{1CBAE2A9-0E7F-4E5B-ABF6-CCCB06210D28}.Debug|Any CPU.ActiveCfg = Debug|Any CPU
		{1CBAE2A9-0E7F-4E5B-ABF6-CCCB06210D28}.Debug|Any CPU.Build.0 = Debug|Any CPU
		{1CBAE2A9-0E7F-4E5B-ABF6-CCCB06210D28}.Release|Any CPU.ActiveCfg = Release|Any CPU
		{1CBAE2A9-0E7F-4E5B-ABF6-CCCB06210D28}.Release|Any CPU.Build.0 = Release|Any CPU
		{E2DBABF6-A189-4CDA-92DC-E0519F4CF678}.Debug|Any CPU.ActiveCfg = Debug|Any CPU
		{E2DBABF6-A189-4CDA-92DC-E0519F4CF678}.Debug|Any CPU.Build.0 = Debug|Any CPU
		{E2DBABF6-A189-4CDA-92DC-E0519F4CF678}.Release|Any CPU.ActiveCfg = Release|Any CPU
		{E2DBABF6-A189-4CDA-92DC-E0519F4CF678}.Release|Any CPU.Build.0 = Release|Any CPU
		{E615A698-C03D-4684-867B-A05BDCB92F4B}.Debug|Any CPU.ActiveCfg = Debug|Any CPU
		{E615A698-C03D-4684-867B-A05BDCB92F4B}.Debug|Any CPU.Build.0 = Debug|Any CPU
		{E615A698-C03D-4684-867B-A05BDCB92F4B}.Release|Any CPU.ActiveCfg = Release|Any CPU
		{E615A698-C03D-4684-867B-A05BDCB92F4B}.Release|Any CPU.Build.0 = Release|Any CPU
		{B903360A-2215-4FF2-9871-4F243E3DF5D9}.Debug|Any CPU.ActiveCfg = Debug|Any CPU
		{B903360A-2215-4FF2-9871-4F243E3DF5D9}.Debug|Any CPU.Build.0 = Debug|Any CPU
		{B903360A-2215-4FF2-9871-4F243E3DF5D9}.Release|Any CPU.ActiveCfg = Release|Any CPU
		{B903360A-2215-4FF2-9871-4F243E3DF5D9}.Release|Any CPU.Build.0 = Release|Any CPU
		{9C07F281-ABAB-4F8A-85DE-16863CD37163}.Debug|Any CPU.ActiveCfg = Debug|Any CPU
		{9C07F281-ABAB-4F8A-85DE-16863CD37163}.Debug|Any CPU.Build.0 = Debug|Any CPU
		{9C07F281-ABAB-4F8A-85DE-16863CD37163}.Release|Any CPU.ActiveCfg = Release|Any CPU
		{9C07F281-ABAB-4F8A-85DE-16863CD37163}.Release|Any CPU.Build.0 = Release|Any CPU
	EndGlobalSection
	GlobalSection(SolutionProperties) = preSolution
		HideSolutionNode = FALSE
	EndGlobalSection
	GlobalSection(ExtensibilityGlobals) = postSolution
		SolutionGuid = {1AA2DBB2-82A1-4664-93D4-87AF3FD61008}
	EndGlobalSection
EndGlobal
