
Microsoft Visual Studio Solution File, Format Version 12.00
# Visual Studio Version 16
VisualStudioVersion = 16.0.29613.14
MinimumVisualStudioVersion = 10.0.40219.1
Project("{FAE04EC0-301F-11D3-BF4B-00C04F79EFBC}") = "Delegate", "Delegate\Delegate.csproj", "{707281D3-1FBA-42BB-A5B4-0122FBA776E2}"
EndProject
Project("{FAE04EC0-301F-11D3-BF4B-00C04F79EFBC}") = "AsyncOperationInPool", "AsyncOperationInPool\AsyncOperationInPool.csproj", "{6DABA240-BA77-4776-B6C5-C061029C8A1F}"
EndProject
Project("{FAE04EC0-301F-11D3-BF4B-00C04F79EFBC}") = "ThreadPool", "ThreadPool\ThreadPool.csproj", "{50CAC1BF-D8DA-4C9A-8993-C7663878F388}"
EndProject
Project("{FAE04EC0-301F-11D3-BF4B-00C04F79EFBC}") = "CancelAsyncInPool", "CancelAsyncInPool\CancelAsyncInPool.csproj", "{294FC8CC-AEFB-4BBB-82C5-212FEAF7E623}"
EndProject
Project("{FAE04EC0-301F-11D3-BF4B-00C04F79EFBC}") = "WaitAndTimeout", "WaitAndTimeout\WaitAndTimeout.csproj", "{888CDE71-7ED7-48B9-89D9-5951C90D0791}"
EndProject
Global
	GlobalSection(SolutionConfigurationPlatforms) = preSolution
		Debug|Any CPU = Debug|Any CPU
		Release|Any CPU = Release|Any CPU
	EndGlobalSection
	GlobalSection(ProjectConfigurationPlatforms) = postSolution
		{707281D3-1FBA-42BB-A5B4-0122FBA776E2}.Debug|Any CPU.ActiveCfg = Debug|Any CPU
		{707281D3-1FBA-42BB-A5B4-0122FBA776E2}.Debug|Any CPU.Build.0 = Debug|Any CPU
		{707281D3-1FBA-42BB-A5B4-0122FBA776E2}.Release|Any CPU.ActiveCfg = Release|Any CPU
		{707281D3-1FBA-42BB-A5B4-0122FBA776E2}.Release|Any CPU.Build.0 = Release|Any CPU
		{6DABA240-BA77-4776-B6C5-C061029C8A1F}.Debug|Any CPU.ActiveCfg = Debug|Any CPU
		{6DABA240-BA77-4776-B6C5-C061029C8A1F}.Debug|Any CPU.Build.0 = Debug|Any CPU
		{6DABA240-BA77-4776-B6C5-C061029C8A1F}.Release|Any CPU.ActiveCfg = Release|Any CPU
		{6DABA240-BA77-4776-B6C5-C061029C8A1F}.Release|Any CPU.Build.0 = Release|Any CPU
		{50CAC1BF-D8DA-4C9A-8993-C7663878F388}.Debug|Any CPU.ActiveCfg = Debug|Any CPU
		{50CAC1BF-D8DA-4C9A-8993-C7663878F388}.Debug|Any CPU.Build.0 = Debug|Any CPU
		{50CAC1BF-D8DA-4C9A-8993-C7663878F388}.Release|Any CPU.ActiveCfg = Release|Any CPU
		{50CAC1BF-D8DA-4C9A-8993-C7663878F388}.Release|Any CPU.Build.0 = Release|Any CPU
		{294FC8CC-AEFB-4BBB-82C5-212FEAF7E623}.Debug|Any CPU.ActiveCfg = Debug|Any CPU
		{294FC8CC-AEFB-4BBB-82C5-212FEAF7E623}.Debug|Any CPU.Build.0 = Debug|Any CPU
		{294FC8CC-AEFB-4BBB-82C5-212FEAF7E623}.Release|Any CPU.ActiveCfg = Release|Any CPU
		{294FC8CC-AEFB-4BBB-82C5-212FEAF7E623}.Release|Any CPU.Build.0 = Release|Any CPU
		{888CDE71-7ED7-48B9-89D9-5951C90D0791}.Debug|Any CPU.ActiveCfg = Debug|Any CPU
		{888CDE71-7ED7-48B9-89D9-5951C90D0791}.Debug|Any CPU.Build.0 = Debug|Any CPU
		{888CDE71-7ED7-48B9-89D9-5951C90D0791}.Release|Any CPU.ActiveCfg = Release|Any CPU
		{888CDE71-7ED7-48B9-89D9-5951C90D0791}.Release|Any CPU.Build.0 = Release|Any CPU
	EndGlobalSection
	GlobalSection(SolutionProperties) = preSolution
		HideSolutionNode = FALSE
	EndGlobalSection
	GlobalSection(ExtensibilityGlobals) = postSolution
		SolutionGuid = {60A53029-37FB-4448-B6BB-34A49C12158C}
	EndGlobalSection
EndGlobal
